// !$*UTF8*$!
{
	archiveVersion = 1;
	classes = {
	};
	objectVersion = 50;
	objects = {

/* Begin PBXBuildFile section */
		9B9F4BC0212243970007C14F /* AppDelegate.swift in Sources */ = {isa = PBXBuildFile; fileRef = 9B9F4BBF212243970007C14F /* AppDelegate.swift */; };
		9B9F4BC2212243970007C14F /* FirstViewController.swift in Sources */ = {isa = PBXBuildFile; fileRef = 9B9F4BC1212243970007C14F /* FirstViewController.swift */; };
		9B9F4BC4212243970007C14F /* SecondViewController.swift in Sources */ = {isa = PBXBuildFile; fileRef = 9B9F4BC3212243970007C14F /* SecondViewController.swift */; };
		9B9F4BC7212243970007C14F /* Main.storyboard in Resources */ = {isa = PBXBuildFile; fileRef = 9B9F4BC5212243970007C14F /* Main.storyboard */; };
		9B9F4BC9212243990007C14F /* Assets.xcassets in Resources */ = {isa = PBXBuildFile; fileRef = 9B9F4BC8212243990007C14F /* Assets.xcassets */; };
		9B9F4BCC212243990007C14F /* LaunchScreen.storyboard in Resources */ = {isa = PBXBuildFile; fileRef = 9B9F4BCA212243990007C14F /* LaunchScreen.storyboard */; };
		9B9F4BD4212264970007C14F /* LoginViewController.swift in Sources */ = {isa = PBXBuildFile; fileRef = 9B9F4BD3212264970007C14F /* LoginViewController.swift */; };
		9B9F4BDA2122661B0007C14F /* HomePageNavigationController.swift in Sources */ = {isa = PBXBuildFile; fileRef = 9B9F4BD92122661B0007C14F /* HomePageNavigationController.swift */; };
		9B9F4BDC212266520007C14F /* HomePageTabBarController.swift in Sources */ = {isa = PBXBuildFile; fileRef = 9B9F4BDB212266520007C14F /* HomePageTabBarController.swift */; };
		9B9F4BDE212278700007C14F /* DetailViewController.swift in Sources */ = {isa = PBXBuildFile; fileRef = 9B9F4BDD212278700007C14F /* DetailViewController.swift */; };
/* End PBXBuildFile section */

/* Begin PBXFileReference section */
		9B9F4BBC212243970007C14F /* TabbedPageStudy.app */ = {isa = PBXFileReference; explicitFileType = wrapper.application; includeInIndex = 0; path = TabbedPageStudy.app; sourceTree = BUILT_PRODUCTS_DIR; };
		9B9F4BBF212243970007C14F /* AppDelegate.swift */ = {isa = PBXFileReference; lastKnownFileType = sourcecode.swift; path = AppDelegate.swift; sourceTree = "<group>"; };
		9B9F4BC1212243970007C14F /* FirstViewController.swift */ = {isa = PBXFileReference; lastKnownFileType = sourcecode.swift; path = FirstViewController.swift; sourceTree = "<group>"; };
		9B9F4BC3212243970007C14F /* SecondViewController.swift */ = {isa = PBXFileReference; lastKnownFileType = sourcecode.swift; path = SecondViewController.swift; sourceTree = "<group>"; };
		9B9F4BC6212243970007C14F /* Base */ = {isa = PBXFileReference; lastKnownFileType = file.storyboard; name = Base; path = Base.lproj/Main.storyboard; sourceTree = "<group>"; };
		9B9F4BC8212243990007C14F /* Assets.xcassets */ = {isa = PBXFileReference; lastKnownFileType = folder.assetcatalog; path = Assets.xcassets; sourceTree = "<group>"; };
		9B9F4BCB212243990007C14F /* Base */ = {isa = PBXFileReference; lastKnownFileType = file.storyboard; name = Base; path = Base.lproj/LaunchScreen.storyboard; sourceTree = "<group>"; };
		9B9F4BCD212243990007C14F /* Info.plist */ = {isa = PBXFileReference; lastKnownFileType = text.plist.xml; path = Info.plist; sourceTree = "<group>"; };
		9B9F4BD3212264970007C14F /* LoginViewController.swift */ = {isa = PBXFileReference; lastKnownFileType = sourcecode.swift; path = LoginViewController.swift; sourceTree = "<group>"; };
		9B9F4BD92122661B0007C14F /* HomePageNavigationController.swift */ = {isa = PBXFileReference; lastKnownFileType = sourcecode.swift; path = HomePageNavigationController.swift; sourceTree = "<group>"; };
		9B9F4BDB212266520007C14F /* HomePageTabBarController.swift */ = {isa = PBXFileReference; lastKnownFileType = sourcecode.swift; path = HomePageTabBarController.swift; sourceTree = "<group>"; };
		9B9F4BDD212278700007C14F /* DetailViewController.swift */ = {isa = PBXFileReference; lastKnownFileType = sourcecode.swift; path = DetailViewController.swift; sourceTree = "<group>"; };
/* End PBXFileReference section */

/* Begin PBXFrameworksBuildPhase section */
		9B9F4BB9212243970007C14F /* Frameworks */ = {
			isa = PBXFrameworksBuildPhase;
			buildActionMask = 2147483647;
			files = (
			);
			runOnlyForDeploymentPostprocessing = 0;
		};
/* End PBXFrameworksBuildPhase section */

/* Begin PBXGroup section */
		9B9F4BB3212243970007C14F = {
			isa = PBXGroup;
			children = (
				9B9F4BBE212243970007C14F /* TabbedPageStudy */,
				9B9F4BBD212243970007C14F /* Products */,
			);
			sourceTree = "<group>";
		};
		9B9F4BBD212243970007C14F /* Products */ = {
			isa = PBXGroup;
			children = (
				9B9F4BBC212243970007C14F /* TabbedPageStudy.app */,
			);
			name = Products;
			sourceTree = "<group>";
		};
		9B9F4BBE212243970007C14F /* TabbedPageStudy */ = {
			isa = PBXGroup;
			children = (
				9B9F4BBF212243970007C14F /* AppDelegate.swift */,
				9B9F4BC1212243970007C14F /* FirstViewController.swift */,
				9B9F4BC3212243970007C14F /* SecondViewController.swift */,
				9B9F4BC5212243970007C14F /* Main.storyboard */,
				9B9F4BC8212243990007C14F /* Assets.xcassets */,
				9B9F4BCA212243990007C14F /* LaunchScreen.storyboard */,
				9B9F4BCD212243990007C14F /* Info.plist */,
				9B9F4BD3212264970007C14F /* LoginViewController.swift */,
				9B9F4BD92122661B0007C14F /* HomePageNavigationController.swift */,
				9B9F4BDB212266520007C14F /* HomePageTabBarController.swift */,
				9B9F4BDD212278700007C14F /* DetailViewController.swift */,
			);
			path = TabbedPageStudy;
			sourceTree = "<group>";
		};
/* End PBXGroup section */

/* Begin PBXNativeTarget section */
		9B9F4BBB212243970007C14F /* TabbedPageStudy */ = {
			isa = PBXNativeTarget;
			buildConfigurationList = 9B9F4BD0212243990007C14F /* Build configuration list for PBXNativeTarget "TabbedPageStudy" */;
			buildPhases = (
				9B9F4BB8212243970007C14F /* Sources */,
				9B9F4BB9212243970007C14F /* Frameworks */,
				9B9F4BBA212243970007C14F /* Resources */,
			);
			buildRules = (
			);
			dependencies = (
			);
			name = TabbedPageStudy;
			productName = TabbedPageStudy;
			productReference = 9B9F4BBC212243970007C14F /* TabbedPageStudy.app */;
			productType = "com.apple.product-type.application";
		};
/* End PBXNativeTarget section */

/* Begin PBXProject section */
		9B9F4BB4212243970007C14F /* Project object */ = {
			isa = PBXProject;
			attributes = {
				LastSwiftUpdateCheck = 0940;
				LastUpgradeCheck = 0940;
				ORGANIZATIONNAME = EllenAndAngel;
				TargetAttributes = {
					9B9F4BBB212243970007C14F = {
						CreatedOnToolsVersion = 9.4.1;
					};
				};
			};
			buildConfigurationList = 9B9F4BB7212243970007C14F /* Build configuration list for PBXProject "TabbedPageStudy" */;
			compatibilityVersion = "Xcode 9.3";
			developmentRegion = en;
			hasScannedForEncodings = 0;
			knownRegions = (
				en,
				Base,
			);
			mainGroup = 9B9F4BB3212243970007C14F;
			productRefGroup = 9B9F4BBD212243970007C14F /* Products */;
			projectDirPath = "";
			projectRoot = "";
			targets = (
				9B9F4BBB212243970007C14F /* TabbedPageStudy */,
			);
		};
/* End PBXProject section */

/* Begin PBXResourcesBuildPhase section */
		9B9F4BBA212243970007C14F /* Resources */ = {
			isa = PBXResourcesBuildPhase;
			buildActionMask = 2147483647;
			files = (
				9B9F4BCC212243990007C14F /* LaunchScreen.storyboard in Resources */,
				9B9F4BC9212243990007C14F /* Assets.xcassets in Resources */,
				9B9F4BC7212243970007C14F /* Main.storyboard in Resources */,
			);
			runOnlyForDeploymentPostprocessing = 0;
		};
/* End PBXResourcesBuildPhase section */

/* Begin PBXSourcesBuildPhase section */
		9B9F4BB8212243970007C14F /* Sources */ = {
			isa = PBXSourcesBuildPhase;
			buildActionMask = 2147483647;
			files = (
				9B9F4BD4212264970007C14F /* LoginViewController.swift in Sources */,
				9B9F4BDA2122661B0007C14F /* HomePageNavigationController.swift in Sources */,
				9B9F4BC4212243970007C14F /* SecondViewController.swift in Sources */,
				9B9F4BDC212266520007C14F /* HomePageTabBarController.swift in Sources */,
				9B9F4BC0212243970007C14F /* AppDelegate.swift in Sources */,
				9B9F4BC2212243970007C14F /* FirstViewController.swift in Sources */,
				9B9F4BDE212278700007C14F /* DetailViewController.swift in Sources */,
			);
			runOnlyForDeploymentPostprocessing = 0;
		};
/* End PBXSourcesBuildPhase section */

/* Begin PBXVariantGroup section */
		9B9F4BC5212243970007C14F /* Main.storyboard */ = {
			isa = PBXVariantGroup;
			children = (
				9B9F4BC6212243970007C14F /* Base */,
			);
			name = Main.storyboard;
			sourceTree = "<group>";
		};
		9B9F4BCA212243990007C14F /* LaunchScreen.storyboard */ = {
			isa = PBXVariantGroup;
			children = (
				9B9F4BCB212243990007C14F /* Base */,
			);
			name = LaunchScreen.storyboard;
			sourceTree = "<group>";
		};
/* End PBXVariantGroup section */

/* Begin XCBuildConfiguration section */
		9B9F4BCE212243990007C14F /* Debug */ = {
			isa = XCBuildConfiguration;
			buildSettings = {
				ALWAYS_SEARCH_USER_PATHS = NO;
				CLANG_ANALYZER_NONNULL = YES;
				CLANG_ANALYZER_NUMBER_OBJECT_CONVERSION = YES_AGGRESSIVE;
				CLANG_CXX_LANGUAGE_STANDARD = "gnu++14";
				CLANG_CXX_LIBRARY = "libc++";
				CLANG_ENABLE_MODULES = YES;
				CLANG_ENABLE_OBJC_ARC = YES;
				CLANG_ENABLE_OBJC_WEAK = YES;
				CLANG_WARN_BLOCK_CAPTURE_AUTORELEASING = YES;
				CLANG_WARN_BOOL_CONVERSION = YES;
				CLANG_WARN_COMMA = YES;
				CLANG_WARN_CONSTANT_CONVERSION = YES;
				CLANG_WARN_DEPRECATED_OBJC_IMPLEMENTATIONS = YES;
				CLANG_WARN_DIRECT_OBJC_ISA_USAGE = YES_ERROR;
				CLANG_WARN_DOCUMENTATION_COMMENTS = YES;
				CLANG_WARN_EMPTY_BODY = YES;
				CLANG_WARN_ENUM_CONVERSION = YES;
				CLANG_WARN_INFINITE_RECURSION = YES;
				CLANG_WARN_INT_CONVERSION = YES;
				CLANG_WARN_NON_LITERAL_NULL_CONVERSION = YES;
				CLANG_WARN_OBJC_IMPLICIT_RETAIN_SELF = YES;
				CLANG_WARN_OBJC_LITERAL_CONVERSION = YES;
				CLANG_WARN_OBJC_ROOT_CLASS = YES_ERROR;
				CLANG_WARN_RANGE_LOOP_ANALYSIS = YES;
				CLANG_WARN_STRICT_PROTOTYPES = YES;
				CLANG_WARN_SUSPICIOUS_MOVE = YES;
				CLANG_WARN_UNGUARDED_AVAILABILITY = YES_AGGRESSIVE;
				CLANG_WARN_UNREACHABLE_CODE = YES;
				CLANG_WARN__DUPLICATE_METHOD_MATCH = YES;
				CODE_SIGN_IDENTITY = "iPhone Developer";
				COPY_PHASE_STRIP = NO;
				DEBUG_INFORMATION_FORMAT = dwarf;
				ENABLE_STRICT_OBJC_MSGSEND = YES;
				ENABLE_TESTABILITY = YES;
				GCC_C_LANGUAGE_STANDARD = gnu11;
				GCC_DYNAMIC_NO_PIC = NO;
				GCC_NO_COMMON_BLOCKS = YES;
				GCC_OPTIMIZATION_LEVEL = 0;
				GCC_PREPROCESSOR_DEFINITIONS = (
					"DEBUG=1",
					"$(inherited)",
				);
				GCC_WARN_64_TO_32_BIT_CONVERSION = YES;
				GCC_WARN_ABOUT_RETURN_TYPE = YES_ERROR;
				GCC_WARN_UNDECLARED_SELECTOR = YES;
				GCC_WARN_UNINITIALIZED_AUTOS = YES_AGGRESSIVE;
				GCC_WARN_UNUSED_FUNCTION = YES;
				GCC_WARN_UNUSED_VARIABLE = YES;
				IPHONEOS_DEPLOYMENT_TARGET = 11.4;
				MTL_ENABLE_DEBUG_INFO = YES;
				ONLY_ACTIVE_ARCH = YES;
				SDKROOT = iphoneos;
				SWIFT_ACTIVE_COMPILATION_CONDITIONS = DEBUG;
				SWIFT_OPTIMIZATION_LEVEL = "-Onone";
			};
			name = Debug;
		};
		9B9F4BCF212243990007C14F /* Release */ = {
			isa = XCBuildConfiguration;
			buildSettings = {
				ALWAYS_SEARCH_USER_PATHS = NO;
				CLANG_ANALYZER_NONNULL = YES;
				CLANG_ANALYZER_NUMBER_OBJECT_CONVERSION = YES_AGGRESSIVE;
				CLANG_CXX_LANGUAGE_STANDARD = "gnu++14";
				CLANG_CXX_LIBRARY = "libc++";
				CLANG_ENABLE_MODULES = YES;
				CLANG_ENABLE_OBJC_ARC = YES;
				CLANG_ENABLE_OBJC_WEAK = YES;
				CLANG_WARN_BLOCK_CAPTURE_AUTORELEASING = YES;
				CLANG_WARN_BOOL_CONVERSION = YES;
				CLANG_WARN_COMMA = YES;
				CLANG_WARN_CONSTANT_CONVERSION = YES;
				CLANG_WARN_DEPRECATED_OBJC_IMPLEMENTATIONS = YES;
				CLANG_WARN_DIRECT_OBJC_ISA_USAGE = YES_ERROR;
				CLANG_WARN_DOCUMENTATION_COMMENTS = YES;
				CLANG_WARN_EMPTY_BODY = YES;
				CLANG_WARN_ENUM_CONVERSION = YES;
				CLANG_WARN_INFINITE_RECURSION = YES;
				CLANG_WARN_INT_CONVERSION = YES;
				CLANG_WARN_NON_LITERAL_NULL_CONVERSION = YES;
				CLANG_WARN_OBJC_IMPLICIT_RETAIN_SELF = YES;
				CLANG_WARN_OBJC_LITERAL_CONVERSION = YES;
				CLANG_WARN_OBJC_ROOT_CLASS = YES_ERROR;
				CLANG_WARN_RANGE_LOOP_ANALYSIS = YES;
				CLANG_WARN_STRICT_PROTOTYPES = YES;
				CLANG_WARN_SUSPICIOUS_MOVE = YES;
				CLANG_WARN_UNGUARDED_AVAILABILITY = YES_AGGRESSIVE;
				CLANG_WARN_UNREACHABLE_CODE = YES;
				CLANG_WARN__DUPLICATE_METHOD_MATCH = YES;
				CODE_SIGN_IDENTITY = "iPhone Developer";
				COPY_PHASE_STRIP = NO;
				DEBUG_INFORMATION_FORMAT = "dwarf-with-dsym";
				ENABLE_NS_ASSERTIONS = NO;
				ENABLE_STRICT_OBJC_MSGSEND = YES;
				GCC_C_LANGUAGE_STANDARD = gnu11;
				GCC_NO_COMMON_BLOCKS = YES;
				GCC_WARN_64_TO_32_BIT_CONVERSION = YES;
				GCC_WARN_ABOUT_RETURN_TYPE = YES_ERROR;
				GCC_WARN_UNDECLARED_SELECTOR = YES;
				GCC_WARN_UNINITIALIZED_AUTOS = YES_AGGRESSIVE;
				GCC_WARN_UNUSED_FUNCTION = YES;
				GCC_WARN_UNUSED_VARIABLE = YES;
				IPHONEOS_DEPLOYMENT_TARGET = 11.4;
				MTL_ENABLE_DEBUG_INFO = NO;
				SDKROOT = iphoneos;
				SWIFT_COMPILATION_MODE = wholemodule;
				SWIFT_OPTIMIZATION_LEVEL = "-O";
				VALIDATE_PRODUCT = YES;
			};
			name = Release;
		};
		9B9F4BD1212243990007C14F /* Debug */ = {
			isa = XCBuildConfiguration;
			buildSettings = {
				ASSETCATALOG_COMPILER_APPICON_NAME = AppIcon;
				CODE_SIGN_STYLE = Automatic;
				DEVELOPMENT_TEAM = GUU2VGT373;
				INFOPLIST_FILE = TabbedPageStudy/Info.plist;
				LD_RUNPATH_SEARCH_PATHS = (
					"$(inherited)",
					"@executable_path/Frameworks",
				);
				PRODUCT_BUNDLE_IDENTIFIER = com.EllenAndAngel.TabbedPageStudy;
				PRODUCT_NAME = "$(TARGET_NAME)";
				SWIFT_VERSION = 4.0;
				TARGETED_DEVICE_FAMILY = "1,2";
			};
			name = Debug;
		};
		9B9F4BD2212243990007C14F /* Release */ = {
			isa = XCBuildConfiguration;
			buildSettings = {
				ASSETCATALOG_COMPILER_APPICON_NAME = AppIcon;
				CODE_SIGN_STYLE = Automatic;
				DEVELOPMENT_TEAM = GUU2VGT373;
				INFOPLIST_FILE = TabbedPageStudy/Info.plist;
				LD_RUNPATH_SEARCH_PATHS = (
					"$(inherited)",
					"@executable_path/Frameworks",
				);
				PRODUCT_BUNDLE_IDENTIFIER = com.EllenAndAngel.TabbedPageStudy;
				PRODUCT_NAME = "$(TARGET_NAME)";
				SWIFT_VERSION = 4.0;
				TARGETED_DEVICE_FAMILY = "1,2";
			};
			name = Release;
		};
/* End XCBuildConfiguration section */

/* Begin XCConfigurationList section */
		9B9F4BB7212243970007C14F /* Build configuration list for PBXProject "TabbedPageStudy" */ = {
			isa = XCConfigurationList;
			buildConfigurations = (
				9B9F4BCE212243990007C14F /* Debug */,
				9B9F4BCF212243990007C14F /* Release */,
			);
			defaultConfigurationIsVisible = 0;
			defaultConfigurationName = Release;
		};
		9B9F4BD0212243990007C14F /* Build configuration list for PBXNativeTarget "TabbedPageStudy" */ = {
			isa = XCConfigurationList;
			buildConfigurations = (
				9B9F4BD1212243990007C14F /* Debug */,
				9B9F4BD2212243990007C14F /* Release */,
			);
			defaultConfigurationIsVisible = 0;
			defaultConfigurationName = Release;
		};
/* End XCConfigurationList section */
	};
	rootObject = 9B9F4BB4212243970007C14F /* Project object */;
}
